
Microsoft Visual Studio Solution File, Format Version 12.00
# Visual Studio 2010
Project("{FAE04EC0-301F-11D3-BF4B-00C04F79EFBC}") = "CMData", "Data\CMData.csproj", "{045CAF9B-6202-4D0A-85D4-B8158E6106E8}"
EndProject
Project("{FAE04EC0-301F-11D3-BF4B-00C04F79EFBC}") = "Data.Mapping", "Data.Mapping\Data.Mapping.csproj", "{9A3BC7C6-1531-418F-B87F-09963462C5A2}"
EndProject
Project("{FAE04EC0-301F-11D3-BF4B-00C04F79EFBC}") = "CM.Tools", "..\Tools\Tools\CM.Tools.csproj", "{E88ED34F-2BFF-4A75-8BB9-B3CD748F503E}"
EndProject
Project("{FAE04EC0-301F-11D3-BF4B-00C04F79EFBC}") = "CM.DataModel", "CM.DataModel\CM.DataModel.csproj", "{29295208-6B74-4DAC-B1CF-020EE6468C24}"
EndProject
Project("{54435603-DBB4-11D2-8724-00A0C9A8B90C}") = "SetupCMDataModel", "SetupCMDataModel\SetupCMDataModel.vdproj", "{7743278D-AB67-4337-85CA-419374F6B139}"
EndProject
Global
	GlobalSection(SolutionConfigurationPlatforms) = preSolution
		CD_ROM|Any CPU = CD_ROM|Any CPU
		CD_ROM|Mixed Platforms = CD_ROM|Mixed Platforms
		CD_ROM|x86 = CD_ROM|x86
		Debug|Any CPU = Debug|Any CPU
		Debug|Mixed Platforms = Debug|Mixed Platforms
		Debug|x86 = Debug|x86
		DVD-5|Any CPU = DVD-5|Any CPU
		DVD-5|Mixed Platforms = DVD-5|Mixed Platforms
		DVD-5|x86 = DVD-5|x86
		Release|Any CPU = Release|Any CPU
		Release|Mixed Platforms = Release|Mixed Platforms
		Release|x86 = Release|x86
		SingleImage|Any CPU = SingleImage|Any CPU
		SingleImage|Mixed Platforms = SingleImage|Mixed Platforms
		SingleImage|x86 = SingleImage|x86
	EndGlobalSection
	GlobalSection(ProjectConfigurationPlatforms) = postSolution
		{045CAF9B-6202-4D0A-85D4-B8158E6106E8}.CD_ROM|Any CPU.ActiveCfg = Release|Any CPU
		{045CAF9B-6202-4D0A-85D4-B8158E6106E8}.CD_ROM|Any CPU.Build.0 = Release|Any CPU
		{045CAF9B-6202-4D0A-85D4-B8158E6106E8}.CD_ROM|Mixed Platforms.ActiveCfg = Release|Any CPU
		{045CAF9B-6202-4D0A-85D4-B8158E6106E8}.CD_ROM|Mixed Platforms.Build.0 = Release|Any CPU
		{045CAF9B-6202-4D0A-85D4-B8158E6106E8}.CD_ROM|x86.ActiveCfg = Release|Any CPU
		{045CAF9B-6202-4D0A-85D4-B8158E6106E8}.Debug|Any CPU.ActiveCfg = Debug|Any CPU
		{045CAF9B-6202-4D0A-85D4-B8158E6106E8}.Debug|Any CPU.Build.0 = Debug|Any CPU
		{045CAF9B-6202-4D0A-85D4-B8158E6106E8}.Debug|Mixed Platforms.ActiveCfg = Debug|Any CPU
		{045CAF9B-6202-4D0A-85D4-B8158E6106E8}.Debug|Mixed Platforms.Build.0 = Debug|Any CPU
		{045CAF9B-6202-4D0A-85D4-B8158E6106E8}.Debug|x86.ActiveCfg = Debug|Any CPU
		{045CAF9B-6202-4D0A-85D4-B8158E6106E8}.DVD-5|Any CPU.ActiveCfg = Debug|Any CPU
		{045CAF9B-6202-4D0A-85D4-B8158E6106E8}.DVD-5|Any CPU.Build.0 = Debug|Any CPU
		{045CAF9B-6202-4D0A-85D4-B8158E6106E8}.DVD-5|Mixed Platforms.ActiveCfg = Debug|Any CPU
		{045CAF9B-6202-4D0A-85D4-B8158E6106E8}.DVD-5|Mixed Platforms.Build.0 = Debug|Any CPU
		{045CAF9B-6202-4D0A-85D4-B8158E6106E8}.DVD-5|x86.ActiveCfg = Debug|Any CPU
		{045CAF9B-6202-4D0A-85D4-B8158E6106E8}.Release|Any CPU.ActiveCfg = Release|Any CPU
		{045CAF9B-6202-4D0A-85D4-B8158E6106E8}.Release|Any CPU.Build.0 = Release|Any CPU
		{045CAF9B-6202-4D0A-85D4-B8158E6106E8}.Release|Mixed Platforms.ActiveCfg = Release|Any CPU
		{045CAF9B-6202-4D0A-85D4-B8158E6106E8}.Release|Mixed Platforms.Build.0 = Release|Any CPU
		{045CAF9B-6202-4D0A-85D4-B8158E6106E8}.Release|x86.ActiveCfg = Release|Any CPU
		{045CAF9B-6202-4D0A-85D4-B8158E6106E8}.SingleImage|Any CPU.ActiveCfg = Release|Any CPU
		{045CAF9B-6202-4D0A-85D4-B8158E6106E8}.SingleImage|Any CPU.Build.0 = Release|Any CPU
		{045CAF9B-6202-4D0A-85D4-B8158E6106E8}.SingleImage|Mixed Platforms.ActiveCfg = Release|Any CPU
		{045CAF9B-6202-4D0A-85D4-B8158E6106E8}.SingleImage|Mixed Platforms.Build.0 = Release|Any CPU
		{045CAF9B-6202-4D0A-85D4-B8158E6106E8}.SingleImage|x86.ActiveCfg = Release|Any CPU
		{9A3BC7C6-1531-418F-B87F-09963462C5A2}.CD_ROM|Any CPU.ActiveCfg = Release|Any CPU
		{9A3BC7C6-1531-418F-B87F-09963462C5A2}.CD_ROM|Any CPU.Build.0 = Release|Any CPU
		{9A3BC7C6-1531-418F-B87F-09963462C5A2}.CD_ROM|Mixed Platforms.ActiveCfg = Release|Any CPU
		{9A3BC7C6-1531-418F-B87F-09963462C5A2}.CD_ROM|Mixed Platforms.Build.0 = Release|Any CPU
		{9A3BC7C6-1531-418F-B87F-09963462C5A2}.CD_ROM|x86.ActiveCfg = Release|Any CPU
		{9A3BC7C6-1531-418F-B87F-09963462C5A2}.Debug|Any CPU.ActiveCfg = Debug|Any CPU
		{9A3BC7C6-1531-418F-B87F-09963462C5A2}.Debug|Any CPU.Build.0 = Debug|Any CPU
		{9A3BC7C6-1531-418F-B87F-09963462C5A2}.Debug|Mixed Platforms.ActiveCfg = Debug|Any CPU
		{9A3BC7C6-1531-418F-B87F-09963462C5A2}.Debug|Mixed Platforms.Build.0 = Debug|Any CPU
		{9A3BC7C6-1531-418F-B87F-09963462C5A2}.Debug|x86.ActiveCfg = Debug|Any CPU
		{9A3BC7C6-1531-418F-B87F-09963462C5A2}.DVD-5|Any CPU.ActiveCfg = Debug|Any CPU
		{9A3BC7C6-1531-418F-B87F-09963462C5A2}.DVD-5|Any CPU.Build.0 = Debug|Any CPU
		{9A3BC7C6-1531-418F-B87F-09963462C5A2}.DVD-5|Mixed Platforms.ActiveCfg = Debug|Any CPU
		{9A3BC7C6-1531-418F-B87F-09963462C5A2}.DVD-5|Mixed Platforms.Build.0 = Debug|Any CPU
		{9A3BC7C6-1531-418F-B87F-09963462C5A2}.DVD-5|x86.ActiveCfg = Debug|Any CPU
		{9A3BC7C6-1531-418F-B87F-09963462C5A2}.Release|Any CPU.ActiveCfg = Release|Any CPU
		{9A3BC7C6-1531-418F-B87F-09963462C5A2}.Release|Any CPU.Build.0 = Release|Any CPU
		{9A3BC7C6-1531-418F-B87F-09963462C5A2}.Release|Mixed Platforms.ActiveCfg = Release|Any CPU
		{9A3BC7C6-1531-418F-B87F-09963462C5A2}.Release|Mixed Platforms.Build.0 = Release|Any CPU
		{9A3BC7C6-1531-418F-B87F-09963462C5A2}.Release|x86.ActiveCfg = Release|Any CPU
		{9A3BC7C6-1531-418F-B87F-09963462C5A2}.SingleImage|Any CPU.ActiveCfg = Release|Any CPU
		{9A3BC7C6-1531-418F-B87F-09963462C5A2}.SingleImage|Any CPU.Build.0 = Release|Any CPU
		{9A3BC7C6-1531-418F-B87F-09963462C5A2}.SingleImage|Mixed Platforms.ActiveCfg = Release|Any CPU
		{9A3BC7C6-1531-418F-B87F-09963462C5A2}.SingleImage|Mixed Platforms.Build.0 = Release|Any CPU
		{9A3BC7C6-1531-418F-B87F-09963462C5A2}.SingleImage|x86.ActiveCfg = Release|Any CPU
		{E88ED34F-2BFF-4A75-8BB9-B3CD748F503E}.CD_ROM|Any CPU.ActiveCfg = Release|Any CPU
		{E88ED34F-2BFF-4A75-8BB9-B3CD748F503E}.CD_ROM|Any CPU.Build.0 = Release|Any CPU
		{E88ED34F-2BFF-4A75-8BB9-B3CD748F503E}.CD_ROM|Mixed Platforms.ActiveCfg = Release|Any CPU
		{E88ED34F-2BFF-4A75-8BB9-B3CD748F503E}.CD_ROM|Mixed Platforms.Build.0 = Release|Any CPU
		{E88ED34F-2BFF-4A75-8BB9-B3CD748F503E}.CD_ROM|x86.ActiveCfg = Release|Any CPU
		{E88ED34F-2BFF-4A75-8BB9-B3CD748F503E}.Debug|Any CPU.ActiveCfg = Debug|Any CPU
		{E88ED34F-2BFF-4A75-8BB9-B3CD748F503E}.Debug|Any CPU.Build.0 = Debug|Any CPU
		{E88ED34F-2BFF-4A75-8BB9-B3CD748F503E}.Debug|Mixed Platforms.ActiveCfg = Debug|Any CPU
		{E88ED34F-2BFF-4A75-8BB9-B3CD748F503E}.Debug|Mixed Platforms.Build.0 = Debug|Any CPU
		{E88ED34F-2BFF-4A75-8BB9-B3CD748F503E}.Debug|x86.ActiveCfg = Debug|Any CPU
		{E88ED34F-2BFF-4A75-8BB9-B3CD748F503E}.DVD-5|Any CPU.ActiveCfg = Debug|Any CPU
		{E88ED34F-2BFF-4A75-8BB9-B3CD748F503E}.DVD-5|Any CPU.Build.0 = Debug|Any CPU
		{E88ED34F-2BFF-4A75-8BB9-B3CD748F503E}.DVD-5|Mixed Platforms.ActiveCfg = Debug|Any CPU
		{E88ED34F-2BFF-4A75-8BB9-B3CD748F503E}.DVD-5|Mixed Platforms.Build.0 = Debug|Any CPU
		{E88ED34F-2BFF-4A75-8BB9-B3CD748F503E}.DVD-5|x86.ActiveCfg = Debug|Any CPU
		{E88ED34F-2BFF-4A75-8BB9-B3CD748F503E}.Release|Any CPU.ActiveCfg = Release|Any CPU
		{E88ED34F-2BFF-4A75-8BB9-B3CD748F503E}.Release|Any CPU.Build.0 = Release|Any CPU
		{E88ED34F-2BFF-4A75-8BB9-B3CD748F503E}.Release|Mixed Platforms.ActiveCfg = Release|Any CPU
		{E88ED34F-2BFF-4A75-8BB9-B3CD748F503E}.Release|Mixed Platforms.Build.0 = Release|Any CPU
		{E88ED34F-2BFF-4A75-8BB9-B3CD748F503E}.Release|x86.ActiveCfg = Release|Any CPU
		{E88ED34F-2BFF-4A75-8BB9-B3CD748F503E}.SingleImage|Any CPU.ActiveCfg = Release|Any CPU
		{E88ED34F-2BFF-4A75-8BB9-B3CD748F503E}.SingleImage|Any CPU.Build.0 = Release|Any CPU
		{E88ED34F-2BFF-4A75-8BB9-B3CD748F503E}.SingleImage|Mixed Platforms.ActiveCfg = Release|Any CPU
		{E88ED34F-2BFF-4A75-8BB9-B3CD748F503E}.SingleImage|Mixed Platforms.Build.0 = Release|Any CPU
		{E88ED34F-2BFF-4A75-8BB9-B3CD748F503E}.SingleImage|x86.ActiveCfg = Release|Any CPU
		{29295208-6B74-4DAC-B1CF-020EE6468C24}.CD_ROM|Any CPU.ActiveCfg = Release|x86
		{29295208-6B74-4DAC-B1CF-020EE6468C24}.CD_ROM|Mixed Platforms.ActiveCfg = Release|x86
		{29295208-6B74-4DAC-B1CF-020EE6468C24}.CD_ROM|Mixed Platforms.Build.0 = Release|x86
		{29295208-6B74-4DAC-B1CF-020EE6468C24}.CD_ROM|x86.ActiveCfg = Release|x86
		{29295208-6B74-4DAC-B1CF-020EE6468C24}.CD_ROM|x86.Build.0 = Release|x86
		{29295208-6B74-4DAC-B1CF-020EE6468C24}.Debug|Any CPU.ActiveCfg = Debug|x86
		{29295208-6B74-4DAC-B1CF-020EE6468C24}.Debug|Mixed Platforms.ActiveCfg = Debug|x86
		{29295208-6B74-4DAC-B1CF-020EE6468C24}.Debug|Mixed Platforms.Build.0 = Debug|x86
		{29295208-6B74-4DAC-B1CF-020EE6468C24}.Debug|x86.ActiveCfg = Debug|x86
		{29295208-6B74-4DAC-B1CF-020EE6468C24}.Debug|x86.Build.0 = Debug|x86
		{29295208-6B74-4DAC-B1CF-020EE6468C24}.DVD-5|Any CPU.ActiveCfg = Debug|x86
		{29295208-6B74-4DAC-B1CF-020EE6468C24}.DVD-5|Mixed Platforms.ActiveCfg = Debug|x86
		{29295208-6B74-4DAC-B1CF-020EE6468C24}.DVD-5|Mixed Platforms.Build.0 = Debug|x86
		{29295208-6B74-4DAC-B1CF-020EE6468C24}.DVD-5|x86.ActiveCfg = Debug|x86
		{29295208-6B74-4DAC-B1CF-020EE6468C24}.DVD-5|x86.Build.0 = Debug|x86
		{29295208-6B74-4DAC-B1CF-020EE6468C24}.Release|Any CPU.ActiveCfg = Release|x86
		{29295208-6B74-4DAC-B1CF-020EE6468C24}.Release|Mixed Platforms.ActiveCfg = Release|x86
		{29295208-6B74-4DAC-B1CF-020EE6468C24}.Release|Mixed Platforms.Build.0 = Release|x86
		{29295208-6B74-4DAC-B1CF-020EE6468C24}.Release|x86.ActiveCfg = Release|x86
		{29295208-6B74-4DAC-B1CF-020EE6468C24}.Release|x86.Build.0 = Release|x86
		{29295208-6B74-4DAC-B1CF-020EE6468C24}.SingleImage|Any CPU.ActiveCfg = Release|x86
		{29295208-6B74-4DAC-B1CF-020EE6468C24}.SingleImage|Mixed Platforms.ActiveCfg = Release|x86
		{29295208-6B74-4DAC-B1CF-020EE6468C24}.SingleImage|Mixed Platforms.Build.0 = Release|x86
		{29295208-6B74-4DAC-B1CF-020EE6468C24}.SingleImage|x86.ActiveCfg = Release|x86
		{29295208-6B74-4DAC-B1CF-020EE6468C24}.SingleImage|x86.Build.0 = Release|x86
		{7743278D-AB67-4337-85CA-419374F6B139}.CD_ROM|Any CPU.ActiveCfg = Release
		{7743278D-AB67-4337-85CA-419374F6B139}.CD_ROM|Mixed Platforms.ActiveCfg = Release
		{7743278D-AB67-4337-85CA-419374F6B139}.CD_ROM|x86.ActiveCfg = Release
		{7743278D-AB67-4337-85CA-419374F6B139}.Debug|Any CPU.ActiveCfg = Debug
		{7743278D-AB67-4337-85CA-419374F6B139}.Debug|Mixed Platforms.ActiveCfg = Debug
		{7743278D-AB67-4337-85CA-419374F6B139}.Debug|x86.ActiveCfg = Debug
		{7743278D-AB67-4337-85CA-419374F6B139}.DVD-5|Any CPU.ActiveCfg = Debug
		{7743278D-AB67-4337-85CA-419374F6B139}.DVD-5|Mixed Platforms.ActiveCfg = Debug
		{7743278D-AB67-4337-85CA-419374F6B139}.DVD-5|x86.ActiveCfg = Debug
		{7743278D-AB67-4337-85CA-419374F6B139}.Release|Any CPU.ActiveCfg = Release
		{7743278D-AB67-4337-85CA-419374F6B139}.Release|Mixed Platforms.ActiveCfg = Release
		{7743278D-AB67-4337-85CA-419374F6B139}.Release|x86.ActiveCfg = Release
		{7743278D-AB67-4337-85CA-419374F6B139}.SingleImage|Any CPU.ActiveCfg = Release
		{7743278D-AB67-4337-85CA-419374F6B139}.SingleImage|Mixed Platforms.ActiveCfg = Release
		{7743278D-AB67-4337-85CA-419374F6B139}.SingleImage|x86.ActiveCfg = Release
	EndGlobalSection
	GlobalSection(SolutionProperties) = preSolution
		HideSolutionNode = FALSE
	EndGlobalSection
EndGlobal
